<?xml version="1.0" encoding="UTF-8" standalone="yes" ?>
<CodeBlocks_project_file>
	<FileVersion major="1" minor="6" />
	<Project>
		<Option title="fmgen" />
		<Option pch_mode="2" />
		<Option compiler="gcc" />
		<Build>
			<Target title="Debug">
				<Option output="bin/Debug/fmgen" prefix_auto="1" extension_auto="1" />
				<Option object_output="obj/Debug/" />
				<Option type="1" />
				<Option compiler="gcc" />
				<Compiler>
					<Add option="-g" />
				</Compiler>
			</Target>
			<Target title="Release">
				<Option output="bin/Release/fmgen" prefix_auto="1" extension_auto="1" />
				<Option object_output="obj/Release/" />
				<Option type="1" />
				<Option compiler="gcc" />
				<Compiler>
					<Add option="-O2" />
				</Compiler>
				<Linker>
					<Add option="-s" />
				</Linker>
			</Target>
		</Build>
		<Compiler>
			<Add option="-Wall" />
		</Compiler>
		<Unit filename="../common/misc.h" />
		<Unit filename="../common/types.h" />
		<Unit filename="fmgen.cpp" />
		<Unit filename="fmgen.h" />
		<Unit filename="fmgeninl.h" />
		<Unit filename="fmtimer.cpp" />
		<Unit filename="fmtimer.h" />
		<Unit filename="opm.cpp" />
		<Unit filename="opm.h" />
		<Unit filename="opna.cpp" />
		<Unit filename="opna.h" />
		<Unit filename="psg.cpp" />
		<Unit filename="psg.h" />
		<Extensions />
	</Project>
</CodeBlocks_project_file>
